github.com/goblimey/go-tools/testsupport v0.0.0-20200820163708-11a15c624044 h1:m4iM6I7ufq6keqFq5OyUQSJFQ6uGZcx1t2JKWXhNNj4=
github.com/goblimey/go-tools/testsupport v0.0.0-20200820163708-11a15c624044/go.mod h1:dLVlO8TyRoCPsifMExesJ8Gc2WULbho8pCEI47mC+EM=
github.com/goblimey/portablesyscall v0.0.0-20251231170308-3a08995b3aec h1:WmYXXt/cUrv+RNvjnnIao34SCTX1NIn7H8FZ+473nac=
github.com/goblimey/portablesyscall v0.0.0-20251231170308-3a08995b3aec/go.mod h1:hTccOHTFt0SaGuheaALSpKpYJqHDEWD8D+GDKnFxojg=
github.com/goblimey/portablesyscall v0.0.0-20260108200106-16aa39149f83 h1:M9qjaULlJTfRXs7Eo5DFlCheqszfu2FA5kT2j4Jwvrs=
github.com/goblimey/portablesyscall v0.0.0-20260108200106-16aa39149f83/go.mod h1:hTccOHTFt0SaGuheaALSpKpYJqHDEWD8D+GDKnFxojg=
github.com/goblimey/switchwriter v0.0.0-20260103122352-d7a30a22828f h1:5ZBwgO4Wx3CB3UvHzmB2ClsOiMgHnHGJ+7Wh+rDonBU=
github.com/goblimey/switchwriter v0.0.0-20260103122352-d7a30a22828f/go.mod h1:bSh5C5Ia+7kpqLq3SNHX9TVklUGElWk0VG6m/9et3H0=
github.com/google/uuid v1.6.0 h1:NIvaJDMOsjHA8n1jAhLSgzrAzy1Hgr+hNrb57e+94F0=
github.com/google/uuid v1.6.0/go.mod h1:TIyPZe4MgqvfeYDBFedMoGGpEw/LqOeaOT+nhxU+yHo=
golang.org/x/sys v0.39.0 h1:CvCKL8MeisomCi6qNZ+wbb0DN9E5AATixKsvNtMoMFk=
golang.org/x/sys v0.39.0/go.mod h1:OgkHotnGiDImocRcuBABYBEXf8A9a87e/uXjp9XT3ks=
